
Microsoft Visual Studio Solution File, Format Version 11.00
# Visual Studio 2010
Project("{FAE04EC0-301F-11D3-BF4B-00C04F79EFBC}") = "VR-Instruments", "Assembly-CSharp.csproj", "{BB48CC65-F467-C347-9D59-8F9F33F14782}"
EndProject
Project("{FAE04EC0-301F-11D3-BF4B-00C04F79EFBC}") = "VR-Instruments", "Assembly-CSharp-Editor.csproj", "{F99E06FC-E6AF-36DC-6692-8910E66DF38A}"
EndProject
Global
	GlobalSection(SolutionConfigurationPlatforms) = preSolution
		Debug|Any CPU = Debug|Any CPU
		Release|Any CPU = Release|Any CPU
	EndGlobalSection
	GlobalSection(ProjectConfigurationPlatforms) = postSolution
		{BB48CC65-F467-C347-9D59-8F9F33F14782}.Debug|Any CPU.ActiveCfg = Debug|Any CPU
		{BB48CC65-F467-C347-9D59-8F9F33F14782}.Debug|Any CPU.Build.0 = Debug|Any CPU
		{BB48CC65-F467-C347-9D59-8F9F33F14782}.Release|Any CPU.ActiveCfg = Release|Any CPU
		{BB48CC65-F467-C347-9D59-8F9F33F14782}.Release|Any CPU.Build.0 = Release|Any CPU
		{F99E06FC-E6AF-36DC-6692-8910E66DF38A}.Debug|Any CPU.ActiveCfg = Debug|Any CPU
		{F99E06FC-E6AF-36DC-6692-8910E66DF38A}.Debug|Any CPU.Build.0 = Debug|Any CPU
		{F99E06FC-E6AF-36DC-6692-8910E66DF38A}.Release|Any CPU.ActiveCfg = Release|Any CPU
		{F99E06FC-E6AF-36DC-6692-8910E66DF38A}.Release|Any CPU.Build.0 = Release|Any CPU
	EndGlobalSection
	GlobalSection(SolutionProperties) = preSolution
		HideSolutionNode = FALSE
	EndGlobalSection
	GlobalSection(MonoDevelopProperties) = preSolution
		StartupItem = Assembly-CSharp.csproj
	EndGlobalSection
EndGlobal
